Microsoft Visual Studio Solution File, Format Version 9.00
# Visual Studio 2005
Project("{FAE04EC0-301F-11D3-BF4B-00C04F79EFBC}") = "DIJAGRAM_KLASA", "DIJAGRAM_KLASA.csproj", "{CEFA22B4-FC54-46B6-82B6-2F1972186FA3}"
EndProject
Global
	GlobalSection(SolutionConfigurationPlatforms) = preSolution
		Debug|Any CPU = Debug|Any CPU
		Release|Any CPU = Release|Any CPU
	EndGlobalSection
	GlobalSection(ProjectDependencies) = postSolution
	EndGlobalSection
	GlobalSection(ProjectConfiguration) = postSolution
		{CEFA22B4-FC54-46B6-82B6-2F1972186FA3}.Debug|Any CPU.ActiveCfg = Debug|Any CPU
		{CEFA22B4-FC54-46B6-82B6-2F1972186FA3}.Debug|Any CPU.Build.0 = Debug|Any CPU
		{CEFA22B4-FC54-46B6-82B6-2F1972186FA3}.Release|Any CPU.ActiveCfg = Release|Any CPU
		{CEFA22B4-FC54-46B6-82B6-2F1972186FA3}.Release|Any CPU.Build.0 = Release|Any CPU
	EndGlobalSection
	GlobalSection(SolutionProperties) = preSolution
		HideSolutionNode = FALSE
	EndGlobalSection
EndGlobal